// !$*UTF8*$!
{
	archiveVersion = 1;
	classes = {
	};
	objectVersion = 60;
	objects = {

/* Begin PBXBuildFile section */
		30555A0F2F8BAACD006BEF5A /* LoadingManager.swift in Sources */ = {isa = PBXBuildFile; fileRef = 30555A032F8BAACD006BEF5A /* LoadingManager.swift */; };
		30555A102F8BAACD006BEF5A /* LoadingView.swift in Sources */ = {isa = PBXBuildFile; fileRef = 30555A042F8BAACD006BEF5A /* LoadingView.swift */; };
		30555A112F8BAACD006BEF5A /* LoadingViewController.swift in Sources */ = {isa = PBXBuildFile; fileRef = 30555A052F8BAACD006BEF5A /* LoadingViewController.swift */; };
		30555A122F8BAACD006BEF5A /* NotificationPermissionManager.swift in Sources */ = {isa = PBXBuildFile; fileRef = 30555A082F8BAACD006BEF5A /* NotificationPermissionManager.swift */; };
		30555A132F8BAACD006BEF5A /* PushNotificationURLRouter.swift in Sources */ = {isa = PBXBuildFile; fileRef = 30555A0B2F8BAACD006BEF5A /* PushNotificationURLRouter.swift */; };
		30555A142F8BAACD006BEF5A /* AppsFlyerManager.swift in Sources */ = {isa = PBXBuildFile; fileRef = 30555A012F8BAACD006BEF5A /* AppsFlyerManager.swift */; };
		30555A152F8BAACD006BEF5A /* NotificationPermissionView.swift in Sources */ = {isa = PBXBuildFile; fileRef = 30555A092F8BAACD006BEF5A /* NotificationPermissionView.swift */; };
		30555A162F8BAACD006BEF5A /* UserAgentBuilder.swift in Sources */ = {isa = PBXBuildFile; fileRef = 30555A0C2F8BAACD006BEF5A /* UserAgentBuilder.swift */; };
		30555A172F8BAACD006BEF5A /* ConfigManager.swift in Sources */ = {isa = PBXBuildFile; fileRef = 30555A022F8BAACD006BEF5A /* ConfigManager.swift */; };
		30555A182F8BAACD006BEF5A /* NoInternetView.swift in Sources */ = {isa = PBXBuildFile; fileRef = 30555A072F8BAACD006BEF5A /* NoInternetView.swift */; };
		30555A192F8BAACD006BEF5A /* WebviewVC.swift in Sources */ = {isa = PBXBuildFile; fileRef = 30555A0D2F8BAACD006BEF5A /* WebviewVC.swift */; };
		30555A1A2F8BAACD006BEF5A /* NetworkAvailability.swift in Sources */ = {isa = PBXBuildFile; fileRef = 30555A062F8BAACD006BEF5A /* NetworkAvailability.swift */; };
		30555A1B2F8BAACD006BEF5A /* NotificationPermissionViewController.swift in Sources */ = {isa = PBXBuildFile; fileRef = 30555A0A2F8BAACD006BEF5A /* NotificationPermissionViewController.swift */; };
		30555A1E2F8BAB01006BEF5A /* AppsFlyerLib-Static in Frameworks */ = {isa = PBXBuildFile; productRef = 30555A1D2F8BAB01006BEF5A /* AppsFlyerLib-Static */; };
		30555A212F8BAB2D006BEF5A /* FirebaseMessaging in Frameworks */ = {isa = PBXBuildFile; productRef = 30555A202F8BAB2D006BEF5A /* FirebaseMessaging */; };
		30555A2D2F8BAB3B006BEF5A /* NotificationServiceExtension.appex in Embed Foundation Extensions */ = {isa = PBXBuildFile; fileRef = 30555A262F8BAB3B006BEF5A /* NotificationServiceExtension.appex */; settings = {ATTRIBUTES = (RemoveHeadersOnCopy, ); }; };
		30555A342F8BAB4E006BEF5A /* FirebaseMessaging in Frameworks */ = {isa = PBXBuildFile; productRef = 30555A332F8BAB4E006BEF5A /* FirebaseMessaging */; };
		30555A382F8BAB8B006BEF5A /* NotificationService.swift in Sources */ = {isa = PBXBuildFile; fileRef = 30555A362F8BAB8B006BEF5A /* NotificationService.swift */; };
		30555A3C2F8BACCD006BEF5A /* GoogleService-Info.plist in Resources */ = {isa = PBXBuildFile; fileRef = 30555A3B2F8BACCD006BEF5A /* GoogleService-Info.plist */; };
		746A17552F826C8E0076A047 /* ReferenceActivityGlyph.swift in Sources */ = {isa = PBXBuildFile; fileRef = 746A171A2F826C8E0076A047 /* ReferenceActivityGlyph.swift */; };
		746A17562F826C8E0076A047 /* ReferenceAnswerField.swift in Sources */ = {isa = PBXBuildFile; fileRef = 746A171B2F826C8E0076A047 /* ReferenceAnswerField.swift */; };
		746A17572F826C8E0076A047 /* ReferencePrimaryButton.swift in Sources */ = {isa = PBXBuildFile; fileRef = 746A171C2F826C8E0076A047 /* ReferencePrimaryButton.swift */; };
		746A17582F826C8E0076A047 /* ReferenceProgressAndPills.swift in Sources */ = {isa = PBXBuildFile; fileRef = 746A171D2F826C8E0076A047 /* ReferenceProgressAndPills.swift */; };
		746A17592F826C8E0076A047 /* ReferenceScreenBackground.swift in Sources */ = {isa = PBXBuildFile; fileRef = 746A171E2F826C8E0076A047 /* ReferenceScreenBackground.swift */; };
		746A175A2F826C8E0076A047 /* ReferenceScreenHeader.swift in Sources */ = {isa = PBXBuildFile; fileRef = 746A171F2F826C8E0076A047 /* ReferenceScreenHeader.swift */; };
		746A175B2F826C8E0076A047 /* ReferenceSurfaceCard.swift in Sources */ = {isa = PBXBuildFile; fileRef = 746A17202F826C8E0076A047 /* ReferenceSurfaceCard.swift */; };
		746A175C2F826C8E0076A047 /* ReferenceTabChrome.swift in Sources */ = {isa = PBXBuildFile; fileRef = 746A17212F826C8E0076A047 /* ReferenceTabChrome.swift */; };
		746A175D2F826C8E0076A047 /* AppExternalLink.swift in Sources */ = {isa = PBXBuildFile; fileRef = 746A17232F826C8E0076A047 /* AppExternalLink.swift */; };
		746A175E2F826C8E0076A047 /* AppStorage.swift in Sources */ = {isa = PBXBuildFile; fileRef = 746A17242F826C8E0076A047 /* AppStorage.swift */; };
		746A175F2F826C8E0076A047 /* MainTabSelection.swift in Sources */ = {isa = PBXBuildFile; fileRef = 746A17252F826C8E0076A047 /* MainTabSelection.swift */; };
		746A17602F826C8E0076A047 /* Color+App.swift in Sources */ = {isa = PBXBuildFile; fileRef = 746A17272F826C8E0076A047 /* Color+App.swift */; };
		746A17612F826C8E0076A047 /* DataDecodeView.swift in Sources */ = {isa = PBXBuildFile; fileRef = 746A17292F826C8E0076A047 /* DataDecodeView.swift */; };
		746A17622F826C8E0076A047 /* DataDecodeViewModel.swift in Sources */ = {isa = PBXBuildFile; fileRef = 746A172A2F826C8E0076A047 /* DataDecodeViewModel.swift */; };
		746A17632F826C8E0076A047 /* QuickFactsView.swift in Sources */ = {isa = PBXBuildFile; fileRef = 746A172C2F826C8E0076A047 /* QuickFactsView.swift */; };
		746A17642F826C8E0076A047 /* QuickFactsViewModel.swift in Sources */ = {isa = PBXBuildFile; fileRef = 746A172D2F826C8E0076A047 /* QuickFactsViewModel.swift */; };
		746A17652F826C8E0076A047 /* RecallRaceView.swift in Sources */ = {isa = PBXBuildFile; fileRef = 746A172F2F826C8E0076A047 /* RecallRaceView.swift */; };
		746A17662F826C8E0076A047 /* RecallRaceViewModel.swift in Sources */ = {isa = PBXBuildFile; fileRef = 746A17302F826C8E0076A047 /* RecallRaceViewModel.swift */; };
		746A17672F826C8E0076A047 /* ActivitiesHomeView.swift in Sources */ = {isa = PBXBuildFile; fileRef = 746A17322F826C8E0076A047 /* ActivitiesHomeView.swift */; };
		746A17682F826C8E0076A047 /* ActivityLevelsView.swift in Sources */ = {isa = PBXBuildFile; fileRef = 746A17332F826C8E0076A047 /* ActivityLevelsView.swift */; };
		746A17692F826C8E0076A047 /* ActivityPlayFlowView.swift in Sources */ = {isa = PBXBuildFile; fileRef = 746A17342F826C8E0076A047 /* ActivityPlayFlowView.swift */; };
		746A176A2F826C8E0076A047 /* ExploreView.swift in Sources */ = {isa = PBXBuildFile; fileRef = 746A17362F826C8E0076A047 /* ExploreView.swift */; };
		746A176B2F826C8E0076A047 /* HomeView.swift in Sources */ = {isa = PBXBuildFile; fileRef = 746A17382F826C8E0076A047 /* HomeView.swift */; };
		746A176C2F826C8E0076A047 /* MainTabView.swift in Sources */ = {isa = PBXBuildFile; fileRef = 746A173A2F826C8E0076A047 /* MainTabView.swift */; };
		746A176D2F826C8E0076A047 /* OnboardingView.swift in Sources */ = {isa = PBXBuildFile; fileRef = 746A173C2F826C8E0076A047 /* OnboardingView.swift */; };
		746A176E2F826C8E0076A047 /* ProfileView.swift in Sources */ = {isa = PBXBuildFile; fileRef = 746A173E2F826C8E0076A047 /* ProfileView.swift */; };
		746A176F2F826C8E0076A047 /* ActivityResultView.swift in Sources */ = {isa = PBXBuildFile; fileRef = 746A17402F826C8E0076A047 /* ActivityResultView.swift */; };
		746A17702F826C8E0076A047 /* SettingsView.swift in Sources */ = {isa = PBXBuildFile; fileRef = 746A17422F826C8E0076A047 /* SettingsView.swift */; };
		746A17712F826C8E0076A047 /* ActivitySessionResult.swift in Sources */ = {isa = PBXBuildFile; fileRef = 746A17452F826C8E0076A047 /* ActivitySessionResult.swift */; };
		746A17722F826C8E0076A047 /* ReferenceModels.swift in Sources */ = {isa = PBXBuildFile; fileRef = 746A17462F826C8E0076A047 /* ReferenceModels.swift */; };
		746A17732F826C8E0076A047 /* DesignConstants.swift in Sources */ = {isa = PBXBuildFile; fileRef = 746A17482F826C8E0076A047 /* DesignConstants.swift */; };
		746A17742F826C8E0076A047 /* AppDelegate.swift in Sources */ = {isa = PBXBuildFile; fileRef = 746A174A2F826C8E0076A047 /* AppDelegate.swift */; };
		746A17752F826C8E0076A047 /* ContentView.swift in Sources */ = {isa = PBXBuildFile; fileRef = 746A174C2F826C8E0076A047 /* ContentView.swift */; };
		746A17762F826C8E0076A047 /* SceneDelegate.swift in Sources */ = {isa = PBXBuildFile; fileRef = 746A17522F826C8E0076A047 /* SceneDelegate.swift */; };
		746A17772F826C8E0076A047 /* ViewController.swift in Sources */ = {isa = PBXBuildFile; fileRef = 746A17532F826C8E0076A047 /* ViewController.swift */; };
		746A17782F826C8E0076A047 /* Assets.xcassets in Resources */ = {isa = PBXBuildFile; fileRef = 746A174B2F826C8E0076A047 /* Assets.xcassets */; };
		746A177A2F826C8E0076A047 /* LaunchScreen.storyboard in Resources */ = {isa = PBXBuildFile; fileRef = 746A174F2F826C8E0076A047 /* LaunchScreen.storyboard */; };
		746A177B2F826C8E0076A047 /* Main.storyboard in Resources */ = {isa = PBXBuildFile; fileRef = 746A17512F826C8E0076A047 /* Main.storyboard */; };
/* End PBXBuildFile section */

/* Begin PBXContainerItemProxy section */
		30555A2B2F8BAB3B006BEF5A /* PBXContainerItemProxy */ = {
			isa = PBXContainerItemProxy;
			containerPortal = 746A13B72F824C800076A047 /* Project object */;
			proxyType = 1;
			remoteGlobalIDString = 30555A252F8BAB3B006BEF5A;
			remoteInfo = NotificationServiceExtension;
		};
/* End PBXContainerItemProxy section */

/* Begin PBXCopyFilesBuildPhase section */
		30555A322F8BAB3B006BEF5A /* Embed Foundation Extensions */ = {
			isa = PBXCopyFilesBuildPhase;
			buildActionMask = 2147483647;
			dstPath = "";
			dstSubfolderSpec = 13;
			files = (
				30555A2D2F8BAB3B006BEF5A /* NotificationServiceExtension.appex in Embed Foundation Extensions */,
			);
			name = "Embed Foundation Extensions";
			runOnlyForDeploymentPostprocessing = 0;
		};
/* End PBXCopyFilesBuildPhase section */

/* Begin PBXFileReference section */
		30555A012F8BAACD006BEF5A /* AppsFlyerManager.swift */ = {isa = PBXFileReference; lastKnownFileType = sourcecode.swift; path = AppsFlyerManager.swift; sourceTree = "<group>"; };
		30555A022F8BAACD006BEF5A /* ConfigManager.swift */ = {isa = PBXFileReference; lastKnownFileType = sourcecode.swift; path = ConfigManager.swift; sourceTree = "<group>"; };
		30555A032F8BAACD006BEF5A /* LoadingManager.swift */ = {isa = PBXFileReference; lastKnownFileType = sourcecode.swift; path = LoadingManager.swift; sourceTree = "<group>"; };
		30555A042F8BAACD006BEF5A /* LoadingView.swift */ = {isa = PBXFileReference; lastKnownFileType = sourcecode.swift; path = LoadingView.swift; sourceTree = "<group>"; };
		30555A052F8BAACD006BEF5A /* LoadingViewController.swift */ = {isa = PBXFileReference; lastKnownFileType = sourcecode.swift; path = LoadingViewController.swift; sourceTree = "<group>"; };
		30555A062F8BAACD006BEF5A /* NetworkAvailability.swift */ = {isa = PBXFileReference; lastKnownFileType = sourcecode.swift; path = NetworkAvailability.swift; sourceTree = "<group>"; };
		30555A072F8BAACD006BEF5A /* NoInternetView.swift */ = {isa = PBXFileReference; lastKnownFileType = sourcecode.swift; path = NoInternetView.swift; sourceTree = "<group>"; };
		30555A082F8BAACD006BEF5A /* NotificationPermissionManager.swift */ = {isa = PBXFileReference; lastKnownFileType = sourcecode.swift; path = NotificationPermissionManager.swift; sourceTree = "<group>"; };
		30555A092F8BAACD006BEF5A /* NotificationPermissionView.swift */ = {isa = PBXFileReference; lastKnownFileType = sourcecode.swift; path = NotificationPermissionView.swift; sourceTree = "<group>"; };
		30555A0A2F8BAACD006BEF5A /* NotificationPermissionViewController.swift */ = {isa = PBXFileReference; lastKnownFileType = sourcecode.swift; path = NotificationPermissionViewController.swift; sourceTree = "<group>"; };
		30555A0B2F8BAACD006BEF5A /* PushNotificationURLRouter.swift */ = {isa = PBXFileReference; lastKnownFileType = sourcecode.swift; path = PushNotificationURLRouter.swift; sourceTree = "<group>"; };
		30555A0C2F8BAACD006BEF5A /* UserAgentBuilder.swift */ = {isa = PBXFileReference; lastKnownFileType = sourcecode.swift; path = UserAgentBuilder.swift; sourceTree = "<group>"; };
		30555A0D2F8BAACD006BEF5A /* WebviewVC.swift */ = {isa = PBXFileReference; lastKnownFileType = sourcecode.swift; path = WebviewVC.swift; sourceTree = "<group>"; };
		30555A262F8BAB3B006BEF5A /* NotificationServiceExtension.appex */ = {isa = PBXFileReference; explicitFileType = "wrapper.app-extension"; includeInIndex = 0; path = NotificationServiceExtension.appex; sourceTree = BUILT_PRODUCTS_DIR; };
		30555A352F8BAB8B006BEF5A /* Info.plist */ = {isa = PBXFileReference; lastKnownFileType = text.plist.xml; path = Info.plist; sourceTree = "<group>"; };
		30555A362F8BAB8B006BEF5A /* NotificationService.swift */ = {isa = PBXFileReference; lastKnownFileType = sourcecode.swift; path = NotificationService.swift; sourceTree = "<group>"; };
		30555A3A2F8BABAD006BEF5A /* 123StroxbrilrelMorbulgror.entitlements */ = {isa = PBXFileReference; lastKnownFileType = text.plist.entitlements; path = 123StroxbrilrelMorbulgror.entitlements; sourceTree = "<group>"; };
		30555A3B2F8BACCD006BEF5A /* GoogleService-Info.plist */ = {isa = PBXFileReference; lastKnownFileType = text.plist.xml; path = "GoogleService-Info.plist"; sourceTree = "<group>"; };
		74258F02F6B9738AD4DF9801 /* Pods-123StroxbrilrelMorbulgror.debug.xcconfig */ = {isa = PBXFileReference; includeInIndex = 1; lastKnownFileType = text.xcconfig; name = "Pods-123StroxbrilrelMorbulgror.debug.xcconfig"; path = "Target Support Files/Pods-123StroxbrilrelMorbulgror/Pods-123StroxbrilrelMorbulgror.debug.xcconfig"; sourceTree = "<group>"; };
		746A13BF2F824C800076A047 /* 123StroxbrilrelMorbulgror.app */ = {isa = PBXFileReference; explicitFileType = wrapper.application; includeInIndex = 0; path = 123StroxbrilrelMorbulgror.app; sourceTree = BUILT_PRODUCTS_DIR; };
		746A171A2F826C8E0076A047 /* ReferenceActivityGlyph.swift */ = {isa = PBXFileReference; lastKnownFileType = sourcecode.swift; path = ReferenceActivityGlyph.swift; sourceTree = "<group>"; };
		746A171B2F826C8E0076A047 /* ReferenceAnswerField.swift */ = {isa = PBXFileReference; lastKnownFileType = sourcecode.swift; path = ReferenceAnswerField.swift; sourceTree = "<group>"; };
		746A171C2F826C8E0076A047 /* ReferencePrimaryButton.swift */ = {isa = PBXFileReference; lastKnownFileType = sourcecode.swift; path = ReferencePrimaryButton.swift; sourceTree = "<group>"; };
		746A171D2F826C8E0076A047 /* ReferenceProgressAndPills.swift */ = {isa = PBXFileReference; lastKnownFileType = sourcecode.swift; path = ReferenceProgressAndPills.swift; sourceTree = "<group>"; };
		746A171E2F826C8E0076A047 /* ReferenceScreenBackground.swift */ = {isa = PBXFileReference; lastKnownFileType = sourcecode.swift; path = ReferenceScreenBackground.swift; sourceTree = "<group>"; };
		746A171F2F826C8E0076A047 /* ReferenceScreenHeader.swift */ = {isa = PBXFileReference; lastKnownFileType = sourcecode.swift; path = ReferenceScreenHeader.swift; sourceTree = "<group>"; };
		746A17202F826C8E0076A047 /* ReferenceSurfaceCard.swift */ = {isa = PBXFileReference; lastKnownFileType = sourcecode.swift; path = ReferenceSurfaceCard.swift; sourceTree = "<group>"; };
		746A17212F826C8E0076A047 /* ReferenceTabChrome.swift */ = {isa = PBXFileReference; lastKnownFileType = sourcecode.swift; path = ReferenceTabChrome.swift; sourceTree = "<group>"; };
		746A17232F826C8E0076A047 /* AppExternalLink.swift */ = {isa = PBXFileReference; lastKnownFileType = sourcecode.swift; path = AppExternalLink.swift; sourceTree = "<group>"; };
		746A17242F826C8E0076A047 /* AppStorage.swift */ = {isa = PBXFileReference; lastKnownFileType = sourcecode.swift; path = AppStorage.swift; sourceTree = "<group>"; };
		746A17252F826C8E0076A047 /* MainTabSelection.swift */ = {isa = PBXFileReference; lastKnownFileType = sourcecode.swift; path = MainTabSelection.swift; sourceTree = "<group>"; };
		746A17272F826C8E0076A047 /* Color+App.swift */ = {isa = PBXFileReference; lastKnownFileType = sourcecode.swift; path = "Color+App.swift"; sourceTree = "<group>"; };
		746A17292F826C8E0076A047 /* DataDecodeView.swift */ = {isa = PBXFileReference; lastKnownFileType = sourcecode.swift; path = DataDecodeView.swift; sourceTree = "<group>"; };
		746A172A2F826C8E0076A047 /* DataDecodeViewModel.swift */ = {isa = PBXFileReference; lastKnownFileType = sourcecode.swift; path = DataDecodeViewModel.swift; sourceTree = "<group>"; };
		746A172C2F826C8E0076A047 /* QuickFactsView.swift */ = {isa = PBXFileReference; lastKnownFileType = sourcecode.swift; path = QuickFactsView.swift; sourceTree = "<group>"; };
		746A172D2F826C8E0076A047 /* QuickFactsViewModel.swift */ = {isa = PBXFileReference; lastKnownFileType = sourcecode.swift; path = QuickFactsViewModel.swift; sourceTree = "<group>"; };
		746A172F2F826C8E0076A047 /* RecallRaceView.swift */ = {isa = PBXFileReference; lastKnownFileType = sourcecode.swift; path = RecallRaceView.swift; sourceTree = "<group>"; };
		746A17302F826C8E0076A047 /* RecallRaceViewModel.swift */ = {isa = PBXFileReference; lastKnownFileType = sourcecode.swift; path = RecallRaceViewModel.swift; sourceTree = "<group>"; };
		746A17322F826C8E0076A047 /* ActivitiesHomeView.swift */ = {isa = PBXFileReference; lastKnownFileType = sourcecode.swift; path = ActivitiesHomeView.swift; sourceTree = "<group>"; };
		746A17332F826C8E0076A047 /* ActivityLevelsView.swift */ = {isa = PBXFileReference; lastKnownFileType = sourcecode.swift; path = ActivityLevelsView.swift; sourceTree = "<group>"; };
		746A17342F826C8E0076A047 /* ActivityPlayFlowView.swift */ = {isa = PBXFileReference; lastKnownFileType = sourcecode.swift; path = ActivityPlayFlowView.swift; sourceTree = "<group>"; };
		746A17362F826C8E0076A047 /* ExploreView.swift */ = {isa = PBXFileReference; lastKnownFileType = sourcecode.swift; path = ExploreView.swift; sourceTree = "<group>"; };
		746A17382F826C8E0076A047 /* HomeView.swift */ = {isa = PBXFileReference; lastKnownFileType = sourcecode.swift; path = HomeView.swift; sourceTree = "<group>"; };
		746A173A2F826C8E0076A047 /* MainTabView.swift */ = {isa = PBXFileReference; lastKnownFileType = sourcecode.swift; path = MainTabView.swift; sourceTree = "<group>"; };
		746A173C2F826C8E0076A047 /* OnboardingView.swift */ = {isa = PBXFileReference; lastKnownFileType = sourcecode.swift; path = OnboardingView.swift; sourceTree = "<group>"; };
		746A173E2F826C8E0076A047 /* ProfileView.swift */ = {isa = PBXFileReference; lastKnownFileType = sourcecode.swift; path = ProfileView.swift; sourceTree = "<group>"; };
		746A17402F826C8E0076A047 /* ActivityResultView.swift */ = {isa = PBXFileReference; lastKnownFileType = sourcecode.swift; path = ActivityResultView.swift; sourceTree = "<group>"; };
		746A17422F826C8E0076A047 /* SettingsView.swift */ = {isa = PBXFileReference; lastKnownFileType = sourcecode.swift; path = SettingsView.swift; sourceTree = "<group>"; };
		746A17452F826C8E0076A047 /* ActivitySessionResult.swift */ = {isa = PBXFileReference; lastKnownFileType = sourcecode.swift; path = ActivitySessionResult.swift; sourceTree = "<group>"; };
		746A17462F826C8E0076A047 /* ReferenceModels.swift */ = {isa = PBXFileReference; lastKnownFileType = sourcecode.swift; path = ReferenceModels.swift; sourceTree = "<group>"; };
		746A17482F826C8E0076A047 /* DesignConstants.swift */ = {isa = PBXFileReference; lastKnownFileType = sourcecode.swift; path = DesignConstants.swift; sourceTree = "<group>"; };
		746A174A2F826C8E0076A047 /* AppDelegate.swift */ = {isa = PBXFileReference; lastKnownFileType = sourcecode.swift; path = AppDelegate.swift; sourceTree = "<group>"; };
		746A174B2F826C8E0076A047 /* Assets.xcassets */ = {isa = PBXFileReference; lastKnownFileType = folder.assetcatalog; path = Assets.xcassets; sourceTree = "<group>"; };
		746A174C2F826C8E0076A047 /* ContentView.swift */ = {isa = PBXFileReference; lastKnownFileType = sourcecode.swift; path = ContentView.swift; sourceTree = "<group>"; };
		746A174D2F826C8E0076A047 /* Info.plist */ = {isa = PBXFileReference; lastKnownFileType = text.plist.xml; path = Info.plist; sourceTree = "<group>"; };
		746A174E2F826C8E0076A047 /* Base */ = {isa = PBXFileReference; lastKnownFileType = file.storyboard; name = Base; path = Base.lproj/LaunchScreen.storyboard; sourceTree = "<group>"; };
		746A17502F826C8E0076A047 /* Base */ = {isa = PBXFileReference; lastKnownFileType = file.storyboard; name = Base; path = Base.lproj/Main.storyboard; sourceTree = "<group>"; };
		746A17522F826C8E0076A047 /* SceneDelegate.swift */ = {isa = PBXFileReference; lastKnownFileType = sourcecode.swift; path = SceneDelegate.swift; sourceTree = "<group>"; };
		746A17532F826C8E0076A047 /* ViewController.swift */ = {isa = PBXFileReference; lastKnownFileType = sourcecode.swift; path = ViewController.swift; sourceTree = "<group>"; };
		828EBFC86BEE0682BF3B340B /* Pods_123StroxbrilrelMorbulgror.framework */ = {isa = PBXFileReference; explicitFileType = wrapper.framework; includeInIndex = 0; path = Pods_123StroxbrilrelMorbulgror.framework; sourceTree = BUILT_PRODUCTS_DIR; };
		A5FC3338C0FFFC319ACFA9C0 /* Pods-123StroxbrilrelMorbulgror.release.xcconfig */ = {isa = PBXFileReference; includeInIndex = 1; lastKnownFileType = text.xcconfig; name = "Pods-123StroxbrilrelMorbulgror.release.xcconfig"; path = "Target Support Files/Pods-123StroxbrilrelMorbulgror/Pods-123StroxbrilrelMorbulgror.release.xcconfig"; sourceTree = "<group>"; };
/* End PBXFileReference section */

/* Begin PBXFrameworksBuildPhase section */
		30555A232F8BAB3B006BEF5A /* Frameworks */ = {
			isa = PBXFrameworksBuildPhase;
			buildActionMask = 2147483647;
			files = (
				30555A342F8BAB4E006BEF5A /* FirebaseMessaging in Frameworks */,
			);
			runOnlyForDeploymentPostprocessing = 0;
		};
		746A13BC2F824C800076A047 /* Frameworks */ = {
			isa = PBXFrameworksBuildPhase;
			buildActionMask = 2147483647;
			files = (
				30555A212F8BAB2D006BEF5A /* FirebaseMessaging in Frameworks */,
				30555A1E2F8BAB01006BEF5A /* AppsFlyerLib-Static in Frameworks */,
			);
			runOnlyForDeploymentPostprocessing = 0;
		};
/* End PBXFrameworksBuildPhase section */

/* Begin PBXGroup section */
		1F93FB5A67027AA3B36910D6 /* Frameworks */ = {
			isa = PBXGroup;
			children = (
				828EBFC86BEE0682BF3B340B /* Pods_123StroxbrilrelMorbulgror.framework */,
			);
			name = Frameworks;
			sourceTree = "<group>";
		};
		30555A0E2F8BAACD006BEF5A /* Loading */ = {
			isa = PBXGroup;
			children = (
				30555A012F8BAACD006BEF5A /* AppsFlyerManager.swift */,
				30555A022F8BAACD006BEF5A /* ConfigManager.swift */,
				30555A032F8BAACD006BEF5A /* LoadingManager.swift */,
				30555A042F8BAACD006BEF5A /* LoadingView.swift */,
				30555A052F8BAACD006BEF5A /* LoadingViewController.swift */,
				30555A062F8BAACD006BEF5A /* NetworkAvailability.swift */,
				30555A072F8BAACD006BEF5A /* NoInternetView.swift */,
				30555A082F8BAACD006BEF5A /* NotificationPermissionManager.swift */,
				30555A092F8BAACD006BEF5A /* NotificationPermissionView.swift */,
				30555A0A2F8BAACD006BEF5A /* NotificationPermissionViewController.swift */,
				30555A0B2F8BAACD006BEF5A /* PushNotificationURLRouter.swift */,
				30555A0C2F8BAACD006BEF5A /* UserAgentBuilder.swift */,
				30555A0D2F8BAACD006BEF5A /* WebviewVC.swift */,
			);
			path = Loading;
			sourceTree = "<group>";
		};
		30555A372F8BAB8B006BEF5A /* NotificationServiceExtension */ = {
			isa = PBXGroup;
			children = (
				30555A352F8BAB8B006BEF5A /* Info.plist */,
				30555A362F8BAB8B006BEF5A /* NotificationService.swift */,
			);
			path = NotificationServiceExtension;
			sourceTree = "<group>";
		};
		746A13B62F824C800076A047 = {
			isa = PBXGroup;
			children = (
				746A17542F826C8E0076A047 /* 123StroxbrilrelMorbulgror */,
				30555A372F8BAB8B006BEF5A /* NotificationServiceExtension */,
				746A13C02F824C800076A047 /* Products */,
				8ACE9B4AB874C85F0DCADCD9 /* Pods */,
				1F93FB5A67027AA3B36910D6 /* Frameworks */,
			);
			sourceTree = "<group>";
		};
		746A13C02F824C800076A047 /* Products */ = {
			isa = PBXGroup;
			children = (
				746A13BF2F824C800076A047 /* 123StroxbrilrelMorbulgror.app */,
				30555A262F8BAB3B006BEF5A /* NotificationServiceExtension.appex */,
			);
			name = Products;
			sourceTree = "<group>";
		};
		746A17222F826C8E0076A047 /* Components */ = {
			isa = PBXGroup;
			children = (
				746A171A2F826C8E0076A047 /* ReferenceActivityGlyph.swift */,
				746A171B2F826C8E0076A047 /* ReferenceAnswerField.swift */,
				746A171C2F826C8E0076A047 /* ReferencePrimaryButton.swift */,
				746A171D2F826C8E0076A047 /* ReferenceProgressAndPills.swift */,
				746A171E2F826C8E0076A047 /* ReferenceScreenBackground.swift */,
				746A171F2F826C8E0076A047 /* ReferenceScreenHeader.swift */,
				746A17202F826C8E0076A047 /* ReferenceSurfaceCard.swift */,
				746A17212F826C8E0076A047 /* ReferenceTabChrome.swift */,
			);
			path = Components;
			sourceTree = "<group>";
		};
		746A17262F826C8E0076A047 /* Core */ = {
			isa = PBXGroup;
			children = (
				746A17232F826C8E0076A047 /* AppExternalLink.swift */,
				746A17242F826C8E0076A047 /* AppStorage.swift */,
				746A17252F826C8E0076A047 /* MainTabSelection.swift */,
			);
			path = Core;
			sourceTree = "<group>";
		};
		746A17282F826C8E0076A047 /* Extensions */ = {
			isa = PBXGroup;
			children = (
				746A17272F826C8E0076A047 /* Color+App.swift */,
			);
			path = Extensions;
			sourceTree = "<group>";
		};
		746A172B2F826C8E0076A047 /* DataDecode */ = {
			isa = PBXGroup;
			children = (
				746A17292F826C8E0076A047 /* DataDecodeView.swift */,
				746A172A2F826C8E0076A047 /* DataDecodeViewModel.swift */,
			);
			path = DataDecode;
			sourceTree = "<group>";
		};
		746A172E2F826C8E0076A047 /* QuickFacts */ = {
			isa = PBXGroup;
			children = (
				746A172C2F826C8E0076A047 /* QuickFactsView.swift */,
				746A172D2F826C8E0076A047 /* QuickFactsViewModel.swift */,
			);
			path = QuickFacts;
			sourceTree = "<group>";
		};
		746A17312F826C8E0076A047 /* RecallRace */ = {
			isa = PBXGroup;
			children = (
				746A172F2F826C8E0076A047 /* RecallRaceView.swift */,
				746A17302F826C8E0076A047 /* RecallRaceViewModel.swift */,
			);
			path = RecallRace;
			sourceTree = "<group>";
		};
		746A17352F826C8E0076A047 /* Activities */ = {
			isa = PBXGroup;
			children = (
				746A172B2F826C8E0076A047 /* DataDecode */,
				746A172E2F826C8E0076A047 /* QuickFacts */,
				746A17312F826C8E0076A047 /* RecallRace */,
				746A17322F826C8E0076A047 /* ActivitiesHomeView.swift */,
				746A17332F826C8E0076A047 /* ActivityLevelsView.swift */,
				746A17342F826C8E0076A047 /* ActivityPlayFlowView.swift */,
			);
			path = Activities;
			sourceTree = "<group>";
		};
		746A17372F826C8E0076A047 /* Explore */ = {
			isa = PBXGroup;
			children = (
				746A17362F826C8E0076A047 /* ExploreView.swift */,
			);
			path = Explore;
			sourceTree = "<group>";
		};
		746A17392F826C8E0076A047 /* Home */ = {
			isa = PBXGroup;
			children = (
				746A17382F826C8E0076A047 /* HomeView.swift */,
			);
			path = Home;
			sourceTree = "<group>";
		};
		746A173B2F826C8E0076A047 /* Main */ = {
			isa = PBXGroup;
			children = (
				746A173A2F826C8E0076A047 /* MainTabView.swift */,
			);
			path = Main;
			sourceTree = "<group>";
		};
		746A173D2F826C8E0076A047 /* Onboarding */ = {
			isa = PBXGroup;
			children = (
				746A173C2F826C8E0076A047 /* OnboardingView.swift */,
			);
			path = Onboarding;
			sourceTree = "<group>";
		};
		746A173F2F826C8E0076A047 /* Profile */ = {
			isa = PBXGroup;
			children = (
				746A173E2F826C8E0076A047 /* ProfileView.swift */,
			);
			path = Profile;
			sourceTree = "<group>";
		};
		746A17412F826C8E0076A047 /* Result */ = {
			isa = PBXGroup;
			children = (
				746A17402F826C8E0076A047 /* ActivityResultView.swift */,
			);
			path = Result;
			sourceTree = "<group>";
		};
		746A17432F826C8E0076A047 /* Settings */ = {
			isa = PBXGroup;
			children = (
				746A17422F826C8E0076A047 /* SettingsView.swift */,
			);
			path = Settings;
			sourceTree = "<group>";
		};
		746A17442F826C8E0076A047 /* Features */ = {
			isa = PBXGroup;
			children = (
				746A17352F826C8E0076A047 /* Activities */,
				746A17372F826C8E0076A047 /* Explore */,
				746A17392F826C8E0076A047 /* Home */,
				746A173B2F826C8E0076A047 /* Main */,
				746A173D2F826C8E0076A047 /* Onboarding */,
				746A173F2F826C8E0076A047 /* Profile */,
				746A17412F826C8E0076A047 /* Result */,
				746A17432F826C8E0076A047 /* Settings */,
			);
			path = Features;
			sourceTree = "<group>";
		};
		746A17472F826C8E0076A047 /* Models */ = {
			isa = PBXGroup;
			children = (
				746A17452F826C8E0076A047 /* ActivitySessionResult.swift */,
				746A17462F826C8E0076A047 /* ReferenceModels.swift */,
			);
			path = Models;
			sourceTree = "<group>";
		};
		746A17492F826C8E0076A047 /* Utilities */ = {
			isa = PBXGroup;
			children = (
				746A17482F826C8E0076A047 /* DesignConstants.swift */,
			);
			path = Utilities;
			sourceTree = "<group>";
		};
		746A17542F826C8E0076A047 /* 123StroxbrilrelMorbulgror */ = {
			isa = PBXGroup;
			children = (
				30555A3A2F8BABAD006BEF5A /* 123StroxbrilrelMorbulgror.entitlements */,
				746A17222F826C8E0076A047 /* Components */,
				746A17262F826C8E0076A047 /* Core */,
				746A17282F826C8E0076A047 /* Extensions */,
				746A17442F826C8E0076A047 /* Features */,
				746A17472F826C8E0076A047 /* Models */,
				746A17492F826C8E0076A047 /* Utilities */,
				746A174A2F826C8E0076A047 /* AppDelegate.swift */,
				746A174B2F826C8E0076A047 /* Assets.xcassets */,
				746A174C2F826C8E0076A047 /* ContentView.swift */,
				746A174D2F826C8E0076A047 /* Info.plist */,
				746A174F2F826C8E0076A047 /* LaunchScreen.storyboard */,
				746A17512F826C8E0076A047 /* Main.storyboard */,
				746A17522F826C8E0076A047 /* SceneDelegate.swift */,
				746A17532F826C8E0076A047 /* ViewController.swift */,
				30555A0E2F8BAACD006BEF5A /* Loading */,
				30555A3B2F8BACCD006BEF5A /* GoogleService-Info.plist */,
			);
			path = 123StroxbrilrelMorbulgror;
			sourceTree = "<group>";
		};
		8ACE9B4AB874C85F0DCADCD9 /* Pods */ = {
			isa = PBXGroup;
			children = (
				74258F02F6B9738AD4DF9801 /* Pods-123StroxbrilrelMorbulgror.debug.xcconfig */,
				A5FC3338C0FFFC319ACFA9C0 /* Pods-123StroxbrilrelMorbulgror.release.xcconfig */,
			);
			path = Pods;
			sourceTree = "<group>";
		};
/* End PBXGroup section */

/* Begin PBXNativeTarget section */
		30555A252F8BAB3B006BEF5A /* NotificationServiceExtension */ = {
			isa = PBXNativeTarget;
			buildConfigurationList = 30555A2F2F8BAB3B006BEF5A /* Build configuration list for PBXNativeTarget "NotificationServiceExtension" */;
			buildPhases = (
				30555A222F8BAB3B006BEF5A /* Sources */,
				30555A232F8BAB3B006BEF5A /* Frameworks */,
				30555A242F8BAB3B006BEF5A /* Resources */,
			);
			buildRules = (
			);
			dependencies = (
			);
			name = NotificationServiceExtension;
			packageProductDependencies = (
				30555A332F8BAB4E006BEF5A /* FirebaseMessaging */,
			);
			productName = NotificationServiceExtension;
			productReference = 30555A262F8BAB3B006BEF5A /* NotificationServiceExtension.appex */;
			productType = "com.apple.product-type.app-extension";
		};
		746A13BE2F824C800076A047 /* 123StroxbrilrelMorbulgror */ = {
			isa = PBXNativeTarget;
			buildConfigurationList = 746A13D22F824C820076A047 /* Build configuration list for PBXNativeTarget "123StroxbrilrelMorbulgror" */;
			buildPhases = (
				9B052C98105C552D5581D3C0 /* [CP] Check Pods Manifest.lock */,
				746A13BB2F824C800076A047 /* Sources */,
				746A13BC2F824C800076A047 /* Frameworks */,
				746A13BD2F824C800076A047 /* Resources */,
				30555A322F8BAB3B006BEF5A /* Embed Foundation Extensions */,
			);
			buildRules = (
			);
			dependencies = (
				30555A2C2F8BAB3B006BEF5A /* PBXTargetDependency */,
			);
			name = 123StroxbrilrelMorbulgror;
			productName = 123StroxbrilrelMorbulgror;
			productReference = 746A13BF2F824C800076A047 /* 123StroxbrilrelMorbulgror.app */;
			productType = "com.apple.product-type.application";
		};
/* End PBXNativeTarget section */

/* Begin PBXProject section */
		746A13B72F824C800076A047 /* Project object */ = {
			isa = PBXProject;
			attributes = {
				BuildIndependentTargetsInParallel = 1;
				LastSwiftUpdateCheck = 2640;
				LastUpgradeCheck = 2620;
				TargetAttributes = {
					30555A252F8BAB3B006BEF5A = {
						CreatedOnToolsVersion = 26.4;
					};
					746A13BE2F824C800076A047 = {
						CreatedOnToolsVersion = 26.2;
					};
				};
			};
			buildConfigurationList = 746A13BA2F824C800076A047 /* Build configuration list for PBXProject "123StroxbrilrelMorbulgror" */;
			compatibilityVersion = "Xcode 15.0";
			developmentRegion = en;
			hasScannedForEncodings = 0;
			knownRegions = (
				en,
				Base,
			);
			mainGroup = 746A13B62F824C800076A047;
			packageReferences = (
				30555A1C2F8BAB01006BEF5A /* XCRemoteSwiftPackageReference "AppsFlyerFramework-Static" */,
				30555A1F2F8BAB2D006BEF5A /* XCRemoteSwiftPackageReference "firebase-ios-sdk" */,
			);
			productRefGroup = 746A13C02F824C800076A047 /* Products */;
			projectDirPath = "";
			projectRoot = "";
			targets = (
				746A13BE2F824C800076A047 /* 123StroxbrilrelMorbulgror */,
				30555A252F8BAB3B006BEF5A /* NotificationServiceExtension */,
			);
		};
/* End PBXProject section */

/* Begin PBXResourcesBuildPhase section */
		30555A242F8BAB3B006BEF5A /* Resources */ = {
			isa = PBXResourcesBuildPhase;
			buildActionMask = 2147483647;
			files = (
			);
			runOnlyForDeploymentPostprocessing = 0;
		};
		746A13BD2F824C800076A047 /* Resources */ = {
			isa = PBXResourcesBuildPhase;
			buildActionMask = 2147483647;
			files = (
				746A17782F826C8E0076A047 /* Assets.xcassets in Resources */,
				30555A3C2F8BACCD006BEF5A /* GoogleService-Info.plist in Resources */,
				746A177A2F826C8E0076A047 /* LaunchScreen.storyboard in Resources */,
				746A177B2F826C8E0076A047 /* Main.storyboard in Resources */,
			);
			runOnlyForDeploymentPostprocessing = 0;
		};
/* End PBXResourcesBuildPhase section */

/* Begin PBXShellScriptBuildPhase section */
		9B052C98105C552D5581D3C0 /* [CP] Check Pods Manifest.lock */ = {
			isa = PBXShellScriptBuildPhase;
			buildActionMask = 2147483647;
			files = (
			);
			inputFileListPaths = (
			);
			inputPaths = (
				"${PODS_PODFILE_DIR_PATH}/Podfile.lock",
				"${PODS_ROOT}/Manifest.lock",
			);
			name = "[CP] Check Pods Manifest.lock";
			outputFileListPaths = (
			);
			outputPaths = (
				"$(DERIVED_FILE_DIR)/Pods-123StroxbrilrelMorbulgror-checkManifestLockResult.txt",
			);
			runOnlyForDeploymentPostprocessing = 0;
			shellPath = /bin/sh;
			shellScript = "diff \"${PODS_PODFILE_DIR_PATH}/Podfile.lock\" \"${PODS_ROOT}/Manifest.lock\" > /dev/null\nif [ $? != 0 ] ; then\n    # print error to STDERR\n    echo \"error: The sandbox is not in sync with the Podfile.lock. Run 'pod install' or update your CocoaPods installation.\" >&2\n    exit 1\nfi\n# This output is used by Xcode 'outputs' to avoid re-running this script phase.\necho \"SUCCESS\" > \"${SCRIPT_OUTPUT_FILE_0}\"\n";
			showEnvVarsInLog = 0;
		};
/* End PBXShellScriptBuildPhase section */

/* Begin PBXSourcesBuildPhase section */
		30555A222F8BAB3B006BEF5A /* Sources */ = {
			isa = PBXSourcesBuildPhase;
			buildActionMask = 2147483647;
			files = (
				30555A382F8BAB8B006BEF5A /* NotificationService.swift in Sources */,
			);
			runOnlyForDeploymentPostprocessing = 0;
		};
		746A13BB2F824C800076A047 /* Sources */ = {
			isa = PBXSourcesBuildPhase;
			buildActionMask = 2147483647;
			files = (
				746A17552F826C8E0076A047 /* ReferenceActivityGlyph.swift in Sources */,
				746A17562F826C8E0076A047 /* ReferenceAnswerField.swift in Sources */,
				746A17572F826C8E0076A047 /* ReferencePrimaryButton.swift in Sources */,
				746A17582F826C8E0076A047 /* ReferenceProgressAndPills.swift in Sources */,
				746A17592F826C8E0076A047 /* ReferenceScreenBackground.swift in Sources */,
				746A175A2F826C8E0076A047 /* ReferenceScreenHeader.swift in Sources */,
				746A175B2F826C8E0076A047 /* ReferenceSurfaceCard.swift in Sources */,
				746A175C2F826C8E0076A047 /* ReferenceTabChrome.swift in Sources */,
				746A175D2F826C8E0076A047 /* AppExternalLink.swift in Sources */,
				746A175E2F826C8E0076A047 /* AppStorage.swift in Sources */,
				30555A0F2F8BAACD006BEF5A /* LoadingManager.swift in Sources */,
				30555A102F8BAACD006BEF5A /* LoadingView.swift in Sources */,
				30555A112F8BAACD006BEF5A /* LoadingViewController.swift in Sources */,
				30555A122F8BAACD006BEF5A /* NotificationPermissionManager.swift in Sources */,
				30555A132F8BAACD006BEF5A /* PushNotificationURLRouter.swift in Sources */,
				30555A142F8BAACD006BEF5A /* AppsFlyerManager.swift in Sources */,
				30555A152F8BAACD006BEF5A /* NotificationPermissionView.swift in Sources */,
				30555A162F8BAACD006BEF5A /* UserAgentBuilder.swift in Sources */,
				30555A172F8BAACD006BEF5A /* ConfigManager.swift in Sources */,
				30555A182F8BAACD006BEF5A /* NoInternetView.swift in Sources */,
				30555A192F8BAACD006BEF5A /* WebviewVC.swift in Sources */,
				30555A1A2F8BAACD006BEF5A /* NetworkAvailability.swift in Sources */,
				30555A1B2F8BAACD006BEF5A /* NotificationPermissionViewController.swift in Sources */,
				746A175F2F826C8E0076A047 /* MainTabSelection.swift in Sources */,
				746A17602F826C8E0076A047 /* Color+App.swift in Sources */,
				746A17612F826C8E0076A047 /* DataDecodeView.swift in Sources */,
				746A17622F826C8E0076A047 /* DataDecodeViewModel.swift in Sources */,
				746A17632F826C8E0076A047 /* QuickFactsView.swift in Sources */,
				746A17642F826C8E0076A047 /* QuickFactsViewModel.swift in Sources */,
				746A17652F826C8E0076A047 /* RecallRaceView.swift in Sources */,
				746A17662F826C8E0076A047 /* RecallRaceViewModel.swift in Sources */,
				746A17672F826C8E0076A047 /* ActivitiesHomeView.swift in Sources */,
				746A17682F826C8E0076A047 /* ActivityLevelsView.swift in Sources */,
				746A17692F826C8E0076A047 /* ActivityPlayFlowView.swift in Sources */,
				746A176A2F826C8E0076A047 /* ExploreView.swift in Sources */,
				746A176B2F826C8E0076A047 /* HomeView.swift in Sources */,
				746A176C2F826C8E0076A047 /* MainTabView.swift in Sources */,
				746A176D2F826C8E0076A047 /* OnboardingView.swift in Sources */,
				746A176E2F826C8E0076A047 /* ProfileView.swift in Sources */,
				746A176F2F826C8E0076A047 /* ActivityResultView.swift in Sources */,
				746A17702F826C8E0076A047 /* SettingsView.swift in Sources */,
				746A17712F826C8E0076A047 /* ActivitySessionResult.swift in Sources */,
				746A17722F826C8E0076A047 /* ReferenceModels.swift in Sources */,
				746A17732F826C8E0076A047 /* DesignConstants.swift in Sources */,
				746A17742F826C8E0076A047 /* AppDelegate.swift in Sources */,
				746A17752F826C8E0076A047 /* ContentView.swift in Sources */,
				746A17762F826C8E0076A047 /* SceneDelegate.swift in Sources */,
				746A17772F826C8E0076A047 /* ViewController.swift in Sources */,
			);
			runOnlyForDeploymentPostprocessing = 0;
		};
/* End PBXSourcesBuildPhase section */

/* Begin PBXTargetDependency section */
		30555A2C2F8BAB3B006BEF5A /* PBXTargetDependency */ = {
			isa = PBXTargetDependency;
			target = 30555A252F8BAB3B006BEF5A /* NotificationServiceExtension */;
			targetProxy = 30555A2B2F8BAB3B006BEF5A /* PBXContainerItemProxy */;
		};
/* End PBXTargetDependency section */

/* Begin PBXVariantGroup section */
		746A174F2F826C8E0076A047 /* LaunchScreen.storyboard */ = {
			isa = PBXVariantGroup;
			children = (
				746A174E2F826C8E0076A047 /* Base */,
			);
			name = LaunchScreen.storyboard;
			sourceTree = "<group>";
		};
		746A17512F826C8E0076A047 /* Main.storyboard */ = {
			isa = PBXVariantGroup;
			children = (
				746A17502F826C8E0076A047 /* Base */,
			);
			name = Main.storyboard;
			sourceTree = "<group>";
		};
/* End PBXVariantGroup section */

/* Begin XCBuildConfiguration section */
		30555A302F8BAB3B006BEF5A /* Debug */ = {
			isa = XCBuildConfiguration;
			buildSettings = {
				CODE_SIGN_STYLE = Automatic;
				CURRENT_PROJECT_VERSION = 1;
				GENERATE_INFOPLIST_FILE = YES;
				INFOPLIST_FILE = NotificationServiceExtension/Info.plist;
				INFOPLIST_KEY_CFBundleDisplayName = NotificationServiceExtension;
				INFOPLIST_KEY_NSHumanReadableCopyright = "";
				IPHONEOS_DEPLOYMENT_TARGET = 16.6;
				LD_RUNPATH_SEARCH_PATHS = (
					"$(inherited)",
					"@executable_path/Frameworks",
					"@executable_path/../../Frameworks",
				);
				MARKETING_VERSION = 1.2;
				PRODUCT_BUNDLE_IDENTIFIER = com.jan.str9xbr2lr9lm7rb.NotificationServiceExtension;
				PRODUCT_NAME = "$(TARGET_NAME)";
				SKIP_INSTALL = YES;
				STRING_CATALOG_GENERATE_SYMBOLS = YES;
				SUPPORTED_PLATFORMS = "iphoneos iphonesimulator";
				SUPPORTS_MACCATALYST = NO;
				SUPPORTS_MAC_DESIGNED_FOR_IPHONE_IPAD = NO;
				SUPPORTS_XR_DESIGNED_FOR_IPHONE_IPAD = NO;
				SWIFT_APPROACHABLE_CONCURRENCY = YES;
				SWIFT_EMIT_LOC_STRINGS = YES;
				SWIFT_UPCOMING_FEATURE_MEMBER_IMPORT_VISIBILITY = YES;
				SWIFT_VERSION = 5.0;
				TARGETED_DEVICE_FAMILY = 1;
			};
			name = Debug;
		};
		30555A312F8BAB3B006BEF5A /* Release */ = {
			isa = XCBuildConfiguration;
			buildSettings = {
				CODE_SIGN_STYLE = Automatic;
				CURRENT_PROJECT_VERSION = 1;
				GENERATE_INFOPLIST_FILE = YES;
				INFOPLIST_FILE = NotificationServiceExtension/Info.plist;
				INFOPLIST_KEY_CFBundleDisplayName = NotificationServiceExtension;
				INFOPLIST_KEY_NSHumanReadableCopyright = "";
				IPHONEOS_DEPLOYMENT_TARGET = 16.6;
				LD_RUNPATH_SEARCH_PATHS = (
					"$(inherited)",
					"@executable_path/Frameworks",
					"@executable_path/../../Frameworks",
				);
				MARKETING_VERSION = 1.2;
				PRODUCT_BUNDLE_IDENTIFIER = com.jan.str9xbr2lr9lm7rb.NotificationServiceExtension;
				PRODUCT_NAME = "$(TARGET_NAME)";
				SKIP_INSTALL = YES;
				STRING_CATALOG_GENERATE_SYMBOLS = YES;
				SUPPORTED_PLATFORMS = "iphoneos iphonesimulator";
				SUPPORTS_MACCATALYST = NO;
				SUPPORTS_MAC_DESIGNED_FOR_IPHONE_IPAD = NO;
				SUPPORTS_XR_DESIGNED_FOR_IPHONE_IPAD = NO;
				SWIFT_APPROACHABLE_CONCURRENCY = YES;
				SWIFT_EMIT_LOC_STRINGS = YES;
				SWIFT_UPCOMING_FEATURE_MEMBER_IMPORT_VISIBILITY = YES;
				SWIFT_VERSION = 5.0;
				TARGETED_DEVICE_FAMILY = 1;
			};
			name = Release;
		};
		746A13D32F824C820076A047 /* Debug */ = {
			isa = XCBuildConfiguration;
			baseConfigurationReference = 74258F02F6B9738AD4DF9801 /* Pods-123StroxbrilrelMorbulgror.debug.xcconfig */;
			buildSettings = {
				ASSETCATALOG_COMPILER_APPICON_NAME = AppIcon;
				ASSETCATALOG_COMPILER_GENERATE_SWIFT_ASSET_SYMBOL_EXTENSIONS = NO;
				ASSETCATALOG_COMPILER_GLOBAL_ACCENT_COLOR_NAME = AccentColor;
				CODE_SIGN_ENTITLEMENTS = 123StroxbrilrelMorbulgror/123StroxbrilrelMorbulgror.entitlements;
				CODE_SIGN_STYLE = Automatic;
				CURRENT_PROJECT_VERSION = 1;
				GENERATE_INFOPLIST_FILE = YES;
				INFOPLIST_FILE = 123StroxbrilrelMorbulgror/Info.plist;
				INFOPLIST_KEY_CFBundleDisplayName = "Stroxbrilrel Morbulgror";
				INFOPLIST_KEY_NSCameraUsageDescription = "We use the camera to let you capture photos and videos inside web content.";
				INFOPLIST_KEY_NSMicrophoneUsageDescription = "We use the microphone to record audio for camera and web content.";
				INFOPLIST_KEY_NSUserTrackingUsageDescription = "We use this data to measure ad campaigns and improve your experience in the app.";
				INFOPLIST_KEY_UIApplicationSupportsIndirectInputEvents = YES;
				INFOPLIST_KEY_UILaunchStoryboardName = LaunchScreen;
				INFOPLIST_KEY_UIMainStoryboardFile = Main;
				INFOPLIST_KEY_UIRequiresFullScreen = YES;
				INFOPLIST_KEY_UISupportedInterfaceOrientations = UIInterfaceOrientationPortrait;
				INFOPLIST_KEY_UISupportedInterfaceOrientations_iPad = UIInterfaceOrientationPortrait;
				INFOPLIST_KEY_UISupportedInterfaceOrientations_iPhone = "UIInterfaceOrientationPortrait UIInterfaceOrientationLandscapeLeft UIInterfaceOrientationLandscapeRight";
				IPHONEOS_DEPLOYMENT_TARGET = 16.6;
				LD_RUNPATH_SEARCH_PATHS = (
					"$(inherited)",
					"@executable_path/Frameworks",
				);
				MARKETING_VERSION = 1.2;
				PRODUCT_BUNDLE_IDENTIFIER = com.jan.str9xbr2lr9lm7rb;
				PRODUCT_NAME = "$(TARGET_NAME)";
				STRING_CATALOG_GENERATE_SYMBOLS = YES;
				SUPPORTED_PLATFORMS = "iphoneos iphonesimulator";
				SUPPORTS_MACCATALYST = NO;
				SUPPORTS_MAC_DESIGNED_FOR_IPHONE_IPAD = NO;
				SUPPORTS_XR_DESIGNED_FOR_IPHONE_IPAD = NO;
				SWIFT_APPROACHABLE_CONCURRENCY = YES;
				SWIFT_DEFAULT_ACTOR_ISOLATION = MainActor;
				SWIFT_EMIT_LOC_STRINGS = YES;
				SWIFT_UPCOMING_FEATURE_MEMBER_IMPORT_VISIBILITY = YES;
				SWIFT_VERSION = 5.0;
				TARGETED_DEVICE_FAMILY = 1;
			};
			name = Debug;
		};
		746A13D42F824C820076A047 /* Release */ = {
			isa = XCBuildConfiguration;
			baseConfigurationReference = A5FC3338C0FFFC319ACFA9C0 /* Pods-123StroxbrilrelMorbulgror.release.xcconfig */;
			buildSettings = {
				ASSETCATALOG_COMPILER_APPICON_NAME = AppIcon;
				ASSETCATALOG_COMPILER_GENERATE_SWIFT_ASSET_SYMBOL_EXTENSIONS = NO;
				ASSETCATALOG_COMPILER_GLOBAL_ACCENT_COLOR_NAME = AccentColor;
				CODE_SIGN_ENTITLEMENTS = 123StroxbrilrelMorbulgror/123StroxbrilrelMorbulgror.entitlements;
				CODE_SIGN_STYLE = Automatic;
				CURRENT_PROJECT_VERSION = 1;
				GENERATE_INFOPLIST_FILE = YES;
				INFOPLIST_FILE = 123StroxbrilrelMorbulgror/Info.plist;
				INFOPLIST_KEY_CFBundleDisplayName = "Stroxbrilrel Morbulgror";
				INFOPLIST_KEY_NSCameraUsageDescription = "We use the camera to let you capture photos and videos inside web content.";
				INFOPLIST_KEY_NSMicrophoneUsageDescription = "We use the microphone to record audio for camera and web content.";
				INFOPLIST_KEY_NSUserTrackingUsageDescription = "We use this data to measure ad campaigns and improve your experience in the app.";
				INFOPLIST_KEY_UIApplicationSupportsIndirectInputEvents = YES;
				INFOPLIST_KEY_UILaunchStoryboardName = LaunchScreen;
				INFOPLIST_KEY_UIMainStoryboardFile = Main;
				INFOPLIST_KEY_UIRequiresFullScreen = YES;
				INFOPLIST_KEY_UISupportedInterfaceOrientations = UIInterfaceOrientationPortrait;
				INFOPLIST_KEY_UISupportedInterfaceOrientations_iPad = UIInterfaceOrientationPortrait;
				INFOPLIST_KEY_UISupportedInterfaceOrientations_iPhone = "UIInterfaceOrientationPortrait UIInterfaceOrientationLandscapeLeft UIInterfaceOrientationLandscapeRight";
				IPHONEOS_DEPLOYMENT_TARGET = 16.6;
				LD_RUNPATH_SEARCH_PATHS = (
					"$(inherited)",
					"@executable_path/Frameworks",
				);
				MARKETING_VERSION = 1.2;
				PRODUCT_BUNDLE_IDENTIFIER = com.jan.str9xbr2lr9lm7rb;
				PRODUCT_NAME = "$(TARGET_NAME)";
				STRING_CATALOG_GENERATE_SYMBOLS = YES;
				SUPPORTED_PLATFORMS = "iphoneos iphonesimulator";
				SUPPORTS_MACCATALYST = NO;
				SUPPORTS_MAC_DESIGNED_FOR_IPHONE_IPAD = NO;
				SUPPORTS_XR_DESIGNED_FOR_IPHONE_IPAD = NO;
				SWIFT_APPROACHABLE_CONCURRENCY = YES;
				SWIFT_DEFAULT_ACTOR_ISOLATION = MainActor;
				SWIFT_EMIT_LOC_STRINGS = YES;
				SWIFT_UPCOMING_FEATURE_MEMBER_IMPORT_VISIBILITY = YES;
				SWIFT_VERSION = 5.0;
				TARGETED_DEVICE_FAMILY = 1;
			};
			name = Release;
		};
		746A13D52F824C820076A047 /* Debug */ = {
			isa = XCBuildConfiguration;
			buildSettings = {
				ALWAYS_SEARCH_USER_PATHS = NO;
				ASSETCATALOG_COMPILER_GENERATE_SWIFT_ASSET_SYMBOL_EXTENSIONS = YES;
				CLANG_ANALYZER_NONNULL = YES;
				CLANG_ANALYZER_NUMBER_OBJECT_CONVERSION = YES_AGGRESSIVE;
				CLANG_CXX_LANGUAGE_STANDARD = "gnu++20";
				CLANG_ENABLE_MODULES = YES;
				CLANG_ENABLE_OBJC_ARC = YES;
				CLANG_ENABLE_OBJC_WEAK = YES;
				CLANG_WARN_BLOCK_CAPTURE_AUTORELEASING = YES;
				CLANG_WARN_BOOL_CONVERSION = YES;
				CLANG_WARN_COMMA = YES;
				CLANG_WARN_CONSTANT_CONVERSION = YES;
				CLANG_WARN_DEPRECATED_OBJC_IMPLEMENTATIONS = YES;
				CLANG_WARN_DIRECT_OBJC_ISA_USAGE = YES_ERROR;
				CLANG_WARN_DOCUMENTATION_COMMENTS = YES;
				CLANG_WARN_EMPTY_BODY = YES;
				CLANG_WARN_ENUM_CONVERSION = YES;
				CLANG_WARN_INFINITE_RECURSION = YES;
				CLANG_WARN_INT_CONVERSION = YES;
				CLANG_WARN_NON_LITERAL_NULL_CONVERSION = YES;
				CLANG_WARN_OBJC_IMPLICIT_RETAIN_SELF = YES;
				CLANG_WARN_OBJC_LITERAL_CONVERSION = YES;
				CLANG_WARN_OBJC_ROOT_CLASS = YES_ERROR;
				CLANG_WARN_QUOTED_INCLUDE_IN_FRAMEWORK_HEADER = YES;
				CLANG_WARN_RANGE_LOOP_ANALYSIS = YES;
				CLANG_WARN_STRICT_PROTOTYPES = YES;
				CLANG_WARN_SUSPICIOUS_MOVE = YES;
				CLANG_WARN_UNGUARDED_AVAILABILITY = YES_AGGRESSIVE;
				CLANG_WARN_UNREACHABLE_CODE = YES;
				CLANG_WARN__DUPLICATE_METHOD_MATCH = YES;
				COPY_PHASE_STRIP = NO;
				DEBUG_INFORMATION_FORMAT = dwarf;
				ENABLE_STRICT_OBJC_MSGSEND = YES;
				ENABLE_TESTABILITY = YES;
				ENABLE_USER_SCRIPT_SANDBOXING = YES;
				GCC_C_LANGUAGE_STANDARD = gnu17;
				GCC_DYNAMIC_NO_PIC = NO;
				GCC_NO_COMMON_BLOCKS = YES;
				GCC_OPTIMIZATION_LEVEL = 0;
				GCC_PREPROCESSOR_DEFINITIONS = (
					"DEBUG=1",
					"$(inherited)",
				);
				GCC_WARN_64_TO_32_BIT_CONVERSION = YES;
				GCC_WARN_ABOUT_RETURN_TYPE = YES_ERROR;
				GCC_WARN_UNDECLARED_SELECTOR = YES;
				GCC_WARN_UNINITIALIZED_AUTOS = YES_AGGRESSIVE;
				GCC_WARN_UNUSED_FUNCTION = YES;
				GCC_WARN_UNUSED_VARIABLE = YES;
				IPHONEOS_DEPLOYMENT_TARGET = 26.2;
				LOCALIZATION_PREFERS_STRING_CATALOGS = YES;
				MTL_ENABLE_DEBUG_INFO = INCLUDE_SOURCE;
				MTL_FAST_MATH = YES;
				ONLY_ACTIVE_ARCH = YES;
				SDKROOT = iphoneos;
				SWIFT_ACTIVE_COMPILATION_CONDITIONS = "DEBUG $(inherited)";
				SWIFT_OPTIMIZATION_LEVEL = "-Onone";
			};
			name = Debug;
		};
		746A13D62F824C820076A047 /* Release */ = {
			isa = XCBuildConfiguration;
			buildSettings = {
				ALWAYS_SEARCH_USER_PATHS = NO;
				ASSETCATALOG_COMPILER_GENERATE_SWIFT_ASSET_SYMBOL_EXTENSIONS = YES;
				CLANG_ANALYZER_NONNULL = YES;
				CLANG_ANALYZER_NUMBER_OBJECT_CONVERSION = YES_AGGRESSIVE;
				CLANG_CXX_LANGUAGE_STANDARD = "gnu++20";
				CLANG_ENABLE_MODULES = YES;
				CLANG_ENABLE_OBJC_ARC = YES;
				CLANG_ENABLE_OBJC_WEAK = YES;
				CLANG_WARN_BLOCK_CAPTURE_AUTORELEASING = YES;
				CLANG_WARN_BOOL_CONVERSION = YES;
				CLANG_WARN_COMMA = YES;
				CLANG_WARN_CONSTANT_CONVERSION = YES;
				CLANG_WARN_DEPRECATED_OBJC_IMPLEMENTATIONS = YES;
				CLANG_WARN_DIRECT_OBJC_ISA_USAGE = YES_ERROR;
				CLANG_WARN_DOCUMENTATION_COMMENTS = YES;
				CLANG_WARN_EMPTY_BODY = YES;
				CLANG_WARN_ENUM_CONVERSION = YES;
				CLANG_WARN_INFINITE_RECURSION = YES;
				CLANG_WARN_INT_CONVERSION = YES;
				CLANG_WARN_NON_LITERAL_NULL_CONVERSION = YES;
				CLANG_WARN_OBJC_IMPLICIT_RETAIN_SELF = YES;
				CLANG_WARN_OBJC_LITERAL_CONVERSION = YES;
				CLANG_WARN_OBJC_ROOT_CLASS = YES_ERROR;
				CLANG_WARN_QUOTED_INCLUDE_IN_FRAMEWORK_HEADER = YES;
				CLANG_WARN_RANGE_LOOP_ANALYSIS = YES;
				CLANG_WARN_STRICT_PROTOTYPES = YES;
				CLANG_WARN_SUSPICIOUS_MOVE = YES;
				CLANG_WARN_UNGUARDED_AVAILABILITY = YES_AGGRESSIVE;
				CLANG_WARN_UNREACHABLE_CODE = YES;
				CLANG_WARN__DUPLICATE_METHOD_MATCH = YES;
				COPY_PHASE_STRIP = NO;
				DEBUG_INFORMATION_FORMAT = "dwarf-with-dsym";
				ENABLE_NS_ASSERTIONS = NO;
				ENABLE_STRICT_OBJC_MSGSEND = YES;
				ENABLE_USER_SCRIPT_SANDBOXING = YES;
				GCC_C_LANGUAGE_STANDARD = gnu17;
				GCC_NO_COMMON_BLOCKS = YES;
				GCC_WARN_64_TO_32_BIT_CONVERSION = YES;
				GCC_WARN_ABOUT_RETURN_TYPE = YES_ERROR;
				GCC_WARN_UNDECLARED_SELECTOR = YES;
				GCC_WARN_UNINITIALIZED_AUTOS = YES_AGGRESSIVE;
				GCC_WARN_UNUSED_FUNCTION = YES;
				GCC_WARN_UNUSED_VARIABLE = YES;
				IPHONEOS_DEPLOYMENT_TARGET = 26.2;
				LOCALIZATION_PREFERS_STRING_CATALOGS = YES;
				MTL_ENABLE_DEBUG_INFO = NO;
				MTL_FAST_MATH = YES;
				SDKROOT = iphoneos;
				SWIFT_COMPILATION_MODE = wholemodule;
				VALIDATE_PRODUCT = YES;
			};
			name = Release;
		};
/* End XCBuildConfiguration section */

/* Begin XCConfigurationList section */
		30555A2F2F8BAB3B006BEF5A /* Build configuration list for PBXNativeTarget "NotificationServiceExtension" */ = {
			isa = XCConfigurationList;
			buildConfigurations = (
				30555A302F8BAB3B006BEF5A /* Debug */,
				30555A312F8BAB3B006BEF5A /* Release */,
			);
			defaultConfigurationIsVisible = 0;
			defaultConfigurationName = Release;
		};
		746A13BA2F824C800076A047 /* Build configuration list for PBXProject "123StroxbrilrelMorbulgror" */ = {
			isa = XCConfigurationList;
			buildConfigurations = (
				746A13D52F824C820076A047 /* Debug */,
				746A13D62F824C820076A047 /* Release */,
			);
			defaultConfigurationIsVisible = 0;
			defaultConfigurationName = Release;
		};
		746A13D22F824C820076A047 /* Build configuration list for PBXNativeTarget "123StroxbrilrelMorbulgror" */ = {
			isa = XCConfigurationList;
			buildConfigurations = (
				746A13D32F824C820076A047 /* Debug */,
				746A13D42F824C820076A047 /* Release */,
			);
			defaultConfigurationIsVisible = 0;
			defaultConfigurationName = Release;
		};
/* End XCConfigurationList section */

/* Begin XCRemoteSwiftPackageReference section */
		30555A1C2F8BAB01006BEF5A /* XCRemoteSwiftPackageReference "AppsFlyerFramework-Static" */ = {
			isa = XCRemoteSwiftPackageReference;
			repositoryURL = "https://github.com/AppsFlyerSDK/AppsFlyerFramework-Static";
			requirement = {
				kind = upToNextMajorVersion;
				minimumVersion = 6.17.9;
			};
		};
		30555A1F2F8BAB2D006BEF5A /* XCRemoteSwiftPackageReference "firebase-ios-sdk" */ = {
			isa = XCRemoteSwiftPackageReference;
			repositoryURL = "https://github.com/firebase/firebase-ios-sdk";
			requirement = {
				kind = upToNextMajorVersion;
				minimumVersion = 12.12.0;
			};
		};
/* End XCRemoteSwiftPackageReference section */

/* Begin XCSwiftPackageProductDependency section */
		30555A1D2F8BAB01006BEF5A /* AppsFlyerLib-Static */ = {
			isa = XCSwiftPackageProductDependency;
			package = 30555A1C2F8BAB01006BEF5A /* XCRemoteSwiftPackageReference "AppsFlyerFramework-Static" */;
			productName = "AppsFlyerLib-Static";
		};
		30555A202F8BAB2D006BEF5A /* FirebaseMessaging */ = {
			isa = XCSwiftPackageProductDependency;
			package = 30555A1F2F8BAB2D006BEF5A /* XCRemoteSwiftPackageReference "firebase-ios-sdk" */;
			productName = FirebaseMessaging;
		};
		30555A332F8BAB4E006BEF5A /* FirebaseMessaging */ = {
			isa = XCSwiftPackageProductDependency;
			package = 30555A1F2F8BAB2D006BEF5A /* XCRemoteSwiftPackageReference "firebase-ios-sdk" */;
			productName = FirebaseMessaging;
		};
/* End XCSwiftPackageProductDependency section */
	};
	rootObject = 746A13B72F824C800076A047 /* Project object */;
}
